
Microsoft Visual Studio Solution File, Format Version 11.00
# Visual Studio 2010
Project("{FAE04EC0-301F-11D3-BF4B-00C04F79EFBC}") = "Assembly-CSharp", "Assembly-CSharp.csproj", "{A41EDED4-844D-C7FB-B259-4250740FAB9C}"
EndProject
Global
	GlobalSection(SolutionConfigurationPlatforms) = preSolution
		Debug|Any CPU = Debug|Any CPU
		Release|Any CPU = Release|Any CPU
	EndGlobalSection
	GlobalSection(ProjectConfigurationPlatforms) = postSolution
		{A41EDED4-844D-C7FB-B259-4250740FAB9C}.Debug|Any CPU.ActiveCfg = Debug|Any CPU
		{A41EDED4-844D-C7FB-B259-4250740FAB9C}.Debug|Any CPU.Build.0 = Debug|Any CPU
		{A41EDED4-844D-C7FB-B259-4250740FAB9C}.Release|Any CPU.ActiveCfg = Release|Any CPU
		{A41EDED4-844D-C7FB-B259-4250740FAB9C}.Release|Any CPU.Build.0 = Release|Any CPU
	EndGlobalSection
	GlobalSection(SolutionProperties) = preSolution
		HideSolutionNode = FALSE
	EndGlobalSection
EndGlobal
